
Microsoft Visual Studio Solution File, Format Version 12.00
# Visual Studio Version 16
VisualStudioVersion = 16.0.34601.136
MinimumVisualStudioVersion = 10.0.40219.1
Project("{D2ABAB84-BF74-430A-B69E-9DC6D40DDA17}") = "SchoolDW", "SchoolDW.dwproj", "{37AC8B9C-D028-4B5D-A32D-46E9417BA57A}"
EndProject
Project("{C9674DCB-5085-4A16-B785-4C70DD1589BD}") = "DWIntegration", "..\DWIntegration\DWIntegration.dtproj", "{3EB245A8-3910-4BFC-B980-1A86EC10DB4B}"
EndProject
Global
	GlobalSection(SolutionConfigurationPlatforms) = preSolution
		Development|Default = Development|Default
	EndGlobalSection
	GlobalSection(ProjectConfigurationPlatforms) = postSolution
		{37AC8B9C-D028-4B5D-A32D-46E9417BA57A}.Development|Default.ActiveCfg = Development
		{37AC8B9C-D028-4B5D-A32D-46E9417BA57A}.Development|Default.Build.0 = Development
		{37AC8B9C-D028-4B5D-A32D-46E9417BA57A}.Development|Default.Deploy.0 = Development
		{3EB245A8-3910-4BFC-B980-1A86EC10DB4B}.Development|Default.ActiveCfg = Development
		{3EB245A8-3910-4BFC-B980-1A86EC10DB4B}.Development|Default.Build.0 = Development
	EndGlobalSection
	GlobalSection(SolutionProperties) = preSolution
		HideSolutionNode = FALSE
	EndGlobalSection
	GlobalSection(ExtensibilityGlobals) = postSolution
		SolutionGuid = {13DF66FC-898F-4493-A3A3-46AF25B1FE0C}
	EndGlobalSection
EndGlobal
